// !$*UTF8*$!
{
	archiveVersion = 1;
	classes = {
	};
	objectVersion = 50;
	objects = {

/* Begin PBXBuildFile section */
		3D93ABBC21E83B2A00E2C367 /* AppDelegate.m in Sources */ = {isa = PBXBuildFile; fileRef = 3D93ABBB21E83B2A00E2C367 /* AppDelegate.m */; };
		3D93ABBF21E83B2A00E2C367 /* ViewController.m in Sources */ = {isa = PBXBuildFile; fileRef = 3D93ABBE21E83B2A00E2C367 /* ViewController.m */; };
		3D93ABC221E83B2A00E2C367 /* Main.storyboard in Resources */ = {isa = PBXBuildFile; fileRef = 3D93ABC021E83B2A00E2C367 /* Main.storyboard */; };
		3D93ABC421E83B2C00E2C367 /* Assets.xcassets in Resources */ = {isa = PBXBuildFile; fileRef = 3D93ABC321E83B2C00E2C367 /* Assets.xcassets */; };
		3D93ABC721E83B2C00E2C367 /* LaunchScreen.storyboard in Resources */ = {isa = PBXBuildFile; fileRef = 3D93ABC521E83B2C00E2C367 /* LaunchScreen.storyboard */; };
		3D93ABCA21E83B2C00E2C367 /* main.m in Sources */ = {isa = PBXBuildFile; fileRef = 3D93ABC921E83B2C00E2C367 /* main.m */; };
		3D93ABE421E83BA000E2C367 /* UIImage+ResizeMagick.m in Sources */ = {isa = PBXBuildFile; fileRef = 3D93ABD121E83BA000E2C367 /* UIImage+ResizeMagick.m */; };
		3D93ABE521E83BA000E2C367 /* UIControl+Blocks.m in Sources */ = {isa = PBXBuildFile; fileRef = 3D93ABD221E83BA000E2C367 /* UIControl+Blocks.m */; };
		3D93ABE621E83BA000E2C367 /* UIImage+ImageEffects.m in Sources */ = {isa = PBXBuildFile; fileRef = 3D93ABD721E83BA000E2C367 /* UIImage+ImageEffects.m */; };
		3D93ABE721E83BA000E2C367 /* NSDate+gyh.m in Sources */ = {isa = PBXBuildFile; fileRef = 3D93ABD821E83BA000E2C367 /* NSDate+gyh.m */; };
		3D93ABE821E83BA000E2C367 /* XLBlockActionSheet.m in Sources */ = {isa = PBXBuildFile; fileRef = 3D93ABDB21E83BA000E2C367 /* XLBlockActionSheet.m */; };
		3D93ABE921E83BA000E2C367 /* XLNoticeHelper.m in Sources */ = {isa = PBXBuildFile; fileRef = 3D93ABDC21E83BA000E2C367 /* XLNoticeHelper.m */; };
		3D93ABEA21E83BA000E2C367 /* XLBlockAlertView.m in Sources */ = {isa = PBXBuildFile; fileRef = 3D93ABE021E83BA000E2C367 /* XLBlockAlertView.m */; };
		3D93ABEB21E83BA000E2C367 /* XLHyperLinkButton.m in Sources */ = {isa = PBXBuildFile; fileRef = 3D93ABE121E83BA000E2C367 /* XLHyperLinkButton.m */; };
		3D93ABEC21E83BA000E2C367 /* XLColorTool.m in Sources */ = {isa = PBXBuildFile; fileRef = 3D93ABE321E83BA000E2C367 /* XLColorTool.m */; };
		6C0214A022BC790E004726D7 /* XPYAlertController.m in Sources */ = {isa = PBXBuildFile; fileRef = 6C02149F22BC790E004726D7 /* XPYAlertController.m */; };
		6C094E3B23682B8C008EDA86 /* XPYBaseTransitionViewController.m in Sources */ = {isa = PBXBuildFile; fileRef = 6C094E3A23682B8C008EDA86 /* XPYBaseTransitionViewController.m */; };
		6C0C1B4822743C9E0055BAB4 /* XPYDrawingView.m in Sources */ = {isa = PBXBuildFile; fileRef = 6C0C1B4722743C9E0055BAB4 /* XPYDrawingView.m */; };
		6C1440FD2363F18E00B9841E /* UIViewController+XPYScrollViewInsets.m in Sources */ = {isa = PBXBuildFile; fileRef = 6C1440FC2363F18E00B9841E /* UIViewController+XPYScrollViewInsets.m */; };
		6C144100236432D100B9841E /* XPYCommonTransitionPopAnimationViewController.m in Sources */ = {isa = PBXBuildFile; fileRef = 6C1440FF236432D100B9841E /* XPYCommonTransitionPopAnimationViewController.m */; };
		6C1E3B882341A57800915662 /* XPYDataBaseManager.m in Sources */ = {isa = PBXBuildFile; fileRef = 6C1E3B872341A57800915662 /* XPYDataBaseManager.m */; };
		6C1E3B8D2341AA5400915662 /* XPYUtilities.m in Sources */ = {isa = PBXBuildFile; fileRef = 6C1E3B8C2341AA5400915662 /* XPYUtilities.m */; };
		6C43B21122F40FCF0062D233 /* XPYTableViewController.m in Sources */ = {isa = PBXBuildFile; fileRef = 6C43B21022F40FCF0062D233 /* XPYTableViewController.m */; };
		6C4847AC2398F254000E1A9F /* XPYCopyLabel.m in Sources */ = {isa = PBXBuildFile; fileRef = 6C4847AB2398F253000E1A9F /* XPYCopyLabel.m */; };
		6C9008B6236BC27800E8EDE6 /* UIView+XPYSnapshotImage.m in Sources */ = {isa = PBXBuildFile; fileRef = 6C9008B5236BC27800E8EDE6 /* UIView+XPYSnapshotImage.m */; };
		6C9008B9236BD8CB00E8EDE6 /* XPYFileManager.m in Sources */ = {isa = PBXBuildFile; fileRef = 6C9008B8236BD8CB00E8EDE6 /* XPYFileManager.m */; };
		6C9FD3DD229FB8E5003297B5 /* XPYPerson.m in Sources */ = {isa = PBXBuildFile; fileRef = 6C9FD3DC229FB8E5003297B5 /* XPYPerson.m */; };
		6CAEFE862351B70300C22FB4 /* XPYCommonTransitionAnimationViewController.m in Sources */ = {isa = PBXBuildFile; fileRef = 6CAEFE852351B70300C22FB4 /* XPYCommonTransitionAnimationViewController.m */; };
		6CAEFE8A2351B82900C22FB4 /* XPYPushAnimation.m in Sources */ = {isa = PBXBuildFile; fileRef = 6CAEFE892351B82900C22FB4 /* XPYPushAnimation.m */; };
		6CAEFE8D2351B83400C22FB4 /* XPYPopAnimation.m in Sources */ = {isa = PBXBuildFile; fileRef = 6CAEFE8C2351B83400C22FB4 /* XPYPopAnimation.m */; };
		6CB6E16C2386616D00C9666B /* XPYCopyLabelViewController.m in Sources */ = {isa = PBXBuildFile; fileRef = 6CB6E16B2386616D00C9666B /* XPYCopyLabelViewController.m */; };
		6CB9F035238240240043025B /* XPYPhotosPreviewViewController.m in Sources */ = {isa = PBXBuildFile; fileRef = 6CB9F034238240240043025B /* XPYPhotosPreviewViewController.m */; };
		6CB9F03823826F820043025B /* XPYPhotosPreviewToolViewHandler.m in Sources */ = {isa = PBXBuildFile; fileRef = 6CB9F03723826F820043025B /* XPYPhotosPreviewToolViewHandler.m */; };
		6CE787222321F92300831516 /* XPYCategoryTitleView.m in Sources */ = {isa = PBXBuildFile; fileRef = 6CE787212321F92300831516 /* XPYCategoryTitleView.m */; };
		6CE787262321F9BF00831516 /* XPYCategoryContentView.m in Sources */ = {isa = PBXBuildFile; fileRef = 6CE787252321F9BF00831516 /* XPYCategoryContentView.m */; };
		6CE787292322013700831516 /* XPYCategoryViewController.m in Sources */ = {isa = PBXBuildFile; fileRef = 6CE787282322013700831516 /* XPYCategoryViewController.m */; };
		6CE85CE322C491DC009C5D20 /* XPYBaseNavigationController.m in Sources */ = {isa = PBXBuildFile; fileRef = 6CE85CE222C491DC009C5D20 /* XPYBaseNavigationController.m */; };
		6CE85CE622C4999D009C5D20 /* XPYThumbUpAnimationViewController.m in Sources */ = {isa = PBXBuildFile; fileRef = 6CE85CE522C4999D009C5D20 /* XPYThumbUpAnimationViewController.m */; };
		6CE85CFE22C734C3009C5D20 /* XPYAnimationsView.m in Sources */ = {isa = PBXBuildFile; fileRef = 6CE85CFD22C734C3009C5D20 /* XPYAnimationsView.m */; };
		6CE85D0122C7380B009C5D20 /* XPYAnimationsViewController.m in Sources */ = {isa = PBXBuildFile; fileRef = 6CE85D0022C7380B009C5D20 /* XPYAnimationsViewController.m */; };
		6CEAE7CD237652A000E6C43E /* XPYAlertManager.m in Sources */ = {isa = PBXBuildFile; fileRef = 6CEAE7CC237652A000E6C43E /* XPYAlertManager.m */; };
		6CEAE7D3237BAB0E00E6C43E /* XPYImagePickerViewController.m in Sources */ = {isa = PBXBuildFile; fileRef = 6CEAE7D2237BAB0E00E6C43E /* XPYImagePickerViewController.m */; };
		6CEAE7D7237BD28400E6C43E /* XPYImagePickerCollectionView.m in Sources */ = {isa = PBXBuildFile; fileRef = 6CEAE7D6237BD28400E6C43E /* XPYImagePickerCollectionView.m */; };
		6CEAE7DA237BE04A00E6C43E /* XPYImagePickerCollectionViewCell.m in Sources */ = {isa = PBXBuildFile; fileRef = 6CEAE7D9237BE04A00E6C43E /* XPYImagePickerCollectionViewCell.m */; };
		6CFC595022E1973E0001928F /* XPYDrawingViewController.m in Sources */ = {isa = PBXBuildFile; fileRef = 6CFC594F22E1973E0001928F /* XPYDrawingViewController.m */; };
		6CFC595322E197BA0001928F /* XPYTransformAnimationViewController.m in Sources */ = {isa = PBXBuildFile; fileRef = 6CFC595222E197BA0001928F /* XPYTransformAnimationViewController.m */; };
		6CFC595622E198A80001928F /* XPYAnimationGroupsViewController.m in Sources */ = {isa = PBXBuildFile; fileRef = 6CFC595522E198A80001928F /* XPYAnimationGroupsViewController.m */; };
		7BF0602AEAF96F5BAA474F33 /* libPods-XPYToolsAndCategories.a in Frameworks */ = {isa = PBXBuildFile; fileRef = FCB74C9F3137D9DCC05C220D /* libPods-XPYToolsAndCategories.a */; };
/* End PBXBuildFile section */

/* Begin PBXFileReference section */
		0D57E2014AAF20ECFBD7A17A /* Pods-XPYToolsAndCategories.release.xcconfig */ = {isa = PBXFileReference; includeInIndex = 1; lastKnownFileType = text.xcconfig; name = "Pods-XPYToolsAndCategories.release.xcconfig"; path = "Target Support Files/Pods-XPYToolsAndCategories/Pods-XPYToolsAndCategories.release.xcconfig"; sourceTree = "<group>"; };
		18F698C8F920FAF2FCB30AA2 /* Pods-XPYToolsAndCategories.debug.xcconfig */ = {isa = PBXFileReference; includeInIndex = 1; lastKnownFileType = text.xcconfig; name = "Pods-XPYToolsAndCategories.debug.xcconfig"; path = "Target Support Files/Pods-XPYToolsAndCategories/Pods-XPYToolsAndCategories.debug.xcconfig"; sourceTree = "<group>"; };
		3D93ABB721E83B2A00E2C367 /* XPYToolsAndCategories.app */ = {isa = PBXFileReference; explicitFileType = wrapper.application; includeInIndex = 0; path = XPYToolsAndCategories.app; sourceTree = BUILT_PRODUCTS_DIR; };
		3D93ABBA21E83B2A00E2C367 /* AppDelegate.h */ = {isa = PBXFileReference; lastKnownFileType = sourcecode.c.h; path = AppDelegate.h; sourceTree = "<group>"; };
		3D93ABBB21E83B2A00E2C367 /* AppDelegate.m */ = {isa = PBXFileReference; lastKnownFileType = sourcecode.c.objc; path = AppDelegate.m; sourceTree = "<group>"; };
		3D93ABBD21E83B2A00E2C367 /* ViewController.h */ = {isa = PBXFileReference; lastKnownFileType = sourcecode.c.h; path = ViewController.h; sourceTree = "<group>"; };
		3D93ABBE21E83B2A00E2C367 /* ViewController.m */ = {isa = PBXFileReference; lastKnownFileType = sourcecode.c.objc; path = ViewController.m; sourceTree = "<group>"; };
		3D93ABC121E83B2A00E2C367 /* Base */ = {isa = PBXFileReference; lastKnownFileType = file.storyboard; name = Base; path = Base.lproj/Main.storyboard; sourceTree = "<group>"; };
		3D93ABC321E83B2C00E2C367 /* Assets.xcassets */ = {isa = PBXFileReference; lastKnownFileType = folder.assetcatalog; path = Assets.xcassets; sourceTree = "<group>"; };
		3D93ABC621E83B2C00E2C367 /* Base */ = {isa = PBXFileReference; lastKnownFileType = file.storyboard; name = Base; path = Base.lproj/LaunchScreen.storyboard; sourceTree = "<group>"; };
		3D93ABC821E83B2C00E2C367 /* Info.plist */ = {isa = PBXFileReference; lastKnownFileType = text.plist.xml; path = Info.plist; sourceTree = "<group>"; };
		3D93ABC921E83B2C00E2C367 /* main.m */ = {isa = PBXFileReference; lastKnownFileType = sourcecode.c.objc; path = main.m; sourceTree = "<group>"; };
		3D93ABD121E83BA000E2C367 /* UIImage+ResizeMagick.m */ = {isa = PBXFileReference; fileEncoding = 4; lastKnownFileType = sourcecode.c.objc; path = "UIImage+ResizeMagick.m"; sourceTree = "<group>"; };
		3D93ABD221E83BA000E2C367 /* UIControl+Blocks.m */ = {isa = PBXFileReference; fileEncoding = 4; lastKnownFileType = sourcecode.c.objc; path = "UIControl+Blocks.m"; sourceTree = "<group>"; };
		3D93ABD321E83BA000E2C367 /* UIImage+ImageEffects.h */ = {isa = PBXFileReference; fileEncoding = 4; lastKnownFileType = sourcecode.c.h; path = "UIImage+ImageEffects.h"; sourceTree = "<group>"; };
		3D93ABD421E83BA000E2C367 /* NSDate+gyh.h */ = {isa = PBXFileReference; fileEncoding = 4; lastKnownFileType = sourcecode.c.h; path = "NSDate+gyh.h"; sourceTree = "<group>"; };
		3D93ABD521E83BA000E2C367 /* UIImage+ResizeMagick.h */ = {isa = PBXFileReference; fileEncoding = 4; lastKnownFileType = sourcecode.c.h; path = "UIImage+ResizeMagick.h"; sourceTree = "<group>"; };
		3D93ABD621E83BA000E2C367 /* UIControl+Blocks.h */ = {isa = PBXFileReference; fileEncoding = 4; lastKnownFileType = sourcecode.c.h; path = "UIControl+Blocks.h"; sourceTree = "<group>"; };
		3D93ABD721E83BA000E2C367 /* UIImage+ImageEffects.m */ = {isa = PBXFileReference; fileEncoding = 4; lastKnownFileType = sourcecode.c.objc; path = "UIImage+ImageEffects.m"; sourceTree = "<group>"; };
		3D93ABD821E83BA000E2C367 /* NSDate+gyh.m */ = {isa = PBXFileReference; fileEncoding = 4; lastKnownFileType = sourcecode.c.objc; path = "NSDate+gyh.m"; sourceTree = "<group>"; };
		3D93ABDA21E83BA000E2C367 /* XLBlockAlertView.h */ = {isa = PBXFileReference; fileEncoding = 4; lastKnownFileType = sourcecode.c.h; path = XLBlockAlertView.h; sourceTree = "<group>"; };
		3D93ABDB21E83BA000E2C367 /* XLBlockActionSheet.m */ = {isa = PBXFileReference; fileEncoding = 4; lastKnownFileType = sourcecode.c.objc; path = XLBlockActionSheet.m; sourceTree = "<group>"; };
		3D93ABDC21E83BA000E2C367 /* XLNoticeHelper.m */ = {isa = PBXFileReference; fileEncoding = 4; lastKnownFileType = sourcecode.c.objc; path = XLNoticeHelper.m; sourceTree = "<group>"; };
		3D93ABDD21E83BA000E2C367 /* XLHyperLinkButton.h */ = {isa = PBXFileReference; fileEncoding = 4; lastKnownFileType = sourcecode.c.h; path = XLHyperLinkButton.h; sourceTree = "<group>"; };
		3D93ABDE21E83BA000E2C367 /* XLColorTool.h */ = {isa = PBXFileReference; fileEncoding = 4; lastKnownFileType = sourcecode.c.h; path = XLColorTool.h; sourceTree = "<group>"; };
		3D93ABDF21E83BA000E2C367 /* XLBlockActionSheet.h */ = {isa = PBXFileReference; fileEncoding = 4; lastKnownFileType = sourcecode.c.h; path = XLBlockActionSheet.h; sourceTree = "<group>"; };
		3D93ABE021E83BA000E2C367 /* XLBlockAlertView.m */ = {isa = PBXFileReference; fileEncoding = 4; lastKnownFileType = sourcecode.c.objc; path = XLBlockAlertView.m; sourceTree = "<group>"; };
		3D93ABE121E83BA000E2C367 /* XLHyperLinkButton.m */ = {isa = PBXFileReference; fileEncoding = 4; lastKnownFileType = sourcecode.c.objc; path = XLHyperLinkButton.m; sourceTree = "<group>"; };
		3D93ABE221E83BA000E2C367 /* XLNoticeHelper.h */ = {isa = PBXFileReference; fileEncoding = 4; lastKnownFileType = sourcecode.c.h; path = XLNoticeHelper.h; sourceTree = "<group>"; };
		3D93ABE321E83BA000E2C367 /* XLColorTool.m */ = {isa = PBXFileReference; fileEncoding = 4; lastKnownFileType = sourcecode.c.objc; path = XLColorTool.m; sourceTree = "<group>"; };
		6C02149E22BC790E004726D7 /* XPYAlertController.h */ = {isa = PBXFileReference; lastKnownFileType = sourcecode.c.h; path = XPYAlertController.h; sourceTree = "<group>"; };
		6C02149F22BC790E004726D7 /* XPYAlertController.m */ = {isa = PBXFileReference; lastKnownFileType = sourcecode.c.objc; path = XPYAlertController.m; sourceTree = "<group>"; };
		6C094E3923682B8C008EDA86 /* XPYBaseTransitionViewController.h */ = {isa = PBXFileReference; lastKnownFileType = sourcecode.c.h; path = XPYBaseTransitionViewController.h; sourceTree = "<group>"; };
		6C094E3A23682B8C008EDA86 /* XPYBaseTransitionViewController.m */ = {isa = PBXFileReference; lastKnownFileType = sourcecode.c.objc; path = XPYBaseTransitionViewController.m; sourceTree = "<group>"; };
		6C0C1B4622743C9E0055BAB4 /* XPYDrawingView.h */ = {isa = PBXFileReference; lastKnownFileType = sourcecode.c.h; path = XPYDrawingView.h; sourceTree = "<group>"; };
		6C0C1B4722743C9E0055BAB4 /* XPYDrawingView.m */ = {isa = PBXFileReference; lastKnownFileType = sourcecode.c.objc; path = XPYDrawingView.m; sourceTree = "<group>"; };
		6C1440FB2363F18E00B9841E /* UIViewController+XPYScrollViewInsets.h */ = {isa = PBXFileReference; lastKnownFileType = sourcecode.c.h; path = "UIViewController+XPYScrollViewInsets.h"; sourceTree = "<group>"; };
		6C1440FC2363F18E00B9841E /* UIViewController+XPYScrollViewInsets.m */ = {isa = PBXFileReference; lastKnownFileType = sourcecode.c.objc; path = "UIViewController+XPYScrollViewInsets.m"; sourceTree = "<group>"; };
		6C1440FE236432D100B9841E /* XPYCommonTransitionPopAnimationViewController.h */ = {isa = PBXFileReference; lastKnownFileType = sourcecode.c.h; path = XPYCommonTransitionPopAnimationViewController.h; sourceTree = "<group>"; };
		6C1440FF236432D100B9841E /* XPYCommonTransitionPopAnimationViewController.m */ = {isa = PBXFileReference; lastKnownFileType = sourcecode.c.objc; path = XPYCommonTransitionPopAnimationViewController.m; sourceTree = "<group>"; };
		6C1E3B862341A57800915662 /* XPYDataBaseManager.h */ = {isa = PBXFileReference; lastKnownFileType = sourcecode.c.h; path = XPYDataBaseManager.h; sourceTree = "<group>"; };
		6C1E3B872341A57800915662 /* XPYDataBaseManager.m */ = {isa = PBXFileReference; lastKnownFileType = sourcecode.c.objc; path = XPYDataBaseManager.m; sourceTree = "<group>"; };
		6C1E3B8B2341AA5400915662 /* XPYUtilities.h */ = {isa = PBXFileReference; lastKnownFileType = sourcecode.c.h; path = XPYUtilities.h; sourceTree = "<group>"; };
		6C1E3B8C2341AA5400915662 /* XPYUtilities.m */ = {isa = PBXFileReference; lastKnownFileType = sourcecode.c.objc; path = XPYUtilities.m; sourceTree = "<group>"; };
		6C1E3B8E2341E70600915662 /* XPYUtilitiesDefine.h */ = {isa = PBXFileReference; lastKnownFileType = sourcecode.c.h; path = XPYUtilitiesDefine.h; sourceTree = "<group>"; };
		6C43B20F22F40FCF0062D233 /* XPYTableViewController.h */ = {isa = PBXFileReference; lastKnownFileType = sourcecode.c.h; path = XPYTableViewController.h; sourceTree = "<group>"; };
		6C43B21022F40FCF0062D233 /* XPYTableViewController.m */ = {isa = PBXFileReference; lastKnownFileType = sourcecode.c.objc; path = XPYTableViewController.m; sourceTree = "<group>"; };
		6C4847AA2398F253000E1A9F /* XPYCopyLabel.h */ = {isa = PBXFileReference; fileEncoding = 4; lastKnownFileType = sourcecode.c.h; path = XPYCopyLabel.h; sourceTree = "<group>"; };
		6C4847AB2398F253000E1A9F /* XPYCopyLabel.m */ = {isa = PBXFileReference; fileEncoding = 4; lastKnownFileType = sourcecode.c.objc; path = XPYCopyLabel.m; sourceTree = "<group>"; };
		6C9008B4236BC27800E8EDE6 /* UIView+XPYSnapshotImage.h */ = {isa = PBXFileReference; lastKnownFileType = sourcecode.c.h; path = "UIView+XPYSnapshotImage.h"; sourceTree = "<group>"; };
		6C9008B5236BC27800E8EDE6 /* UIView+XPYSnapshotImage.m */ = {isa = PBXFileReference; lastKnownFileType = sourcecode.c.objc; path = "UIView+XPYSnapshotImage.m"; sourceTree = "<group>"; };
		6C9008B7236BD8CB00E8EDE6 /* XPYFileManager.h */ = {isa = PBXFileReference; lastKnownFileType = sourcecode.c.h; path = XPYFileManager.h; sourceTree = "<group>"; };
		6C9008B8236BD8CB00E8EDE6 /* XPYFileManager.m */ = {isa = PBXFileReference; lastKnownFileType = sourcecode.c.objc; path = XPYFileManager.m; sourceTree = "<group>"; };
		6C9FD3DB229FB8E5003297B5 /* XPYPerson.h */ = {isa = PBXFileReference; lastKnownFileType = sourcecode.c.h; path = XPYPerson.h; sourceTree = "<group>"; };
		6C9FD3DC229FB8E5003297B5 /* XPYPerson.m */ = {isa = PBXFileReference; lastKnownFileType = sourcecode.c.objc; path = XPYPerson.m; sourceTree = "<group>"; };
		6CAEFE842351B70300C22FB4 /* XPYCommonTransitionAnimationViewController.h */ = {isa = PBXFileReference; lastKnownFileType = sourcecode.c.h; path = XPYCommonTransitionAnimationViewController.h; sourceTree = "<group>"; };
		6CAEFE852351B70300C22FB4 /* XPYCommonTransitionAnimationViewController.m */ = {isa = PBXFileReference; lastKnownFileType = sourcecode.c.objc; path = XPYCommonTransitionAnimationViewController.m; sourceTree = "<group>"; };
		6CAEFE882351B82900C22FB4 /* XPYPushAnimation.h */ = {isa = PBXFileReference; lastKnownFileType = sourcecode.c.h; path = XPYPushAnimation.h; sourceTree = "<group>"; };
		6CAEFE892351B82900C22FB4 /* XPYPushAnimation.m */ = {isa = PBXFileReference; lastKnownFileType = sourcecode.c.objc; path = XPYPushAnimation.m; sourceTree = "<group>"; };
		6CAEFE8B2351B83400C22FB4 /* XPYPopAnimation.h */ = {isa = PBXFileReference; lastKnownFileType = sourcecode.c.h; path = XPYPopAnimation.h; sourceTree = "<group>"; };
		6CAEFE8C2351B83400C22FB4 /* XPYPopAnimation.m */ = {isa = PBXFileReference; lastKnownFileType = sourcecode.c.objc; path = XPYPopAnimation.m; sourceTree = "<group>"; };
		6CB6E16A2386616D00C9666B /* XPYCopyLabelViewController.h */ = {isa = PBXFileReference; lastKnownFileType = sourcecode.c.h; path = XPYCopyLabelViewController.h; sourceTree = "<group>"; };
		6CB6E16B2386616D00C9666B /* XPYCopyLabelViewController.m */ = {isa = PBXFileReference; lastKnownFileType = sourcecode.c.objc; path = XPYCopyLabelViewController.m; sourceTree = "<group>"; };
		6CB9F033238240240043025B /* XPYPhotosPreviewViewController.h */ = {isa = PBXFileReference; lastKnownFileType = sourcecode.c.h; path = XPYPhotosPreviewViewController.h; sourceTree = "<group>"; };
		6CB9F034238240240043025B /* XPYPhotosPreviewViewController.m */ = {isa = PBXFileReference; lastKnownFileType = sourcecode.c.objc; path = XPYPhotosPreviewViewController.m; sourceTree = "<group>"; };
		6CB9F03623826F820043025B /* XPYPhotosPreviewToolViewHandler.h */ = {isa = PBXFileReference; lastKnownFileType = sourcecode.c.h; path = XPYPhotosPreviewToolViewHandler.h; sourceTree = "<group>"; };
		6CB9F03723826F820043025B /* XPYPhotosPreviewToolViewHandler.m */ = {isa = PBXFileReference; lastKnownFileType = sourcecode.c.objc; path = XPYPhotosPreviewToolViewHandler.m; sourceTree = "<group>"; };
		6CE787202321F92300831516 /* XPYCategoryTitleView.h */ = {isa = PBXFileReference; lastKnownFileType = sourcecode.c.h; path = XPYCategoryTitleView.h; sourceTree = "<group>"; };
		6CE787212321F92300831516 /* XPYCategoryTitleView.m */ = {isa = PBXFileReference; lastKnownFileType = sourcecode.c.objc; path = XPYCategoryTitleView.m; sourceTree = "<group>"; };
		6CE787242321F9BF00831516 /* XPYCategoryContentView.h */ = {isa = PBXFileReference; lastKnownFileType = sourcecode.c.h; path = XPYCategoryContentView.h; sourceTree = "<group>"; };
		6CE787252321F9BF00831516 /* XPYCategoryContentView.m */ = {isa = PBXFileReference; lastKnownFileType = sourcecode.c.objc; path = XPYCategoryContentView.m; sourceTree = "<group>"; };
		6CE787272322013700831516 /* XPYCategoryViewController.h */ = {isa = PBXFileReference; lastKnownFileType = sourcecode.c.h; path = XPYCategoryViewController.h; sourceTree = "<group>"; };
		6CE787282322013700831516 /* XPYCategoryViewController.m */ = {isa = PBXFileReference; lastKnownFileType = sourcecode.c.objc; path = XPYCategoryViewController.m; sourceTree = "<group>"; };
		6CE85CE122C491DC009C5D20 /* XPYBaseNavigationController.h */ = {isa = PBXFileReference; lastKnownFileType = sourcecode.c.h; path = XPYBaseNavigationController.h; sourceTree = "<group>"; };
		6CE85CE222C491DC009C5D20 /* XPYBaseNavigationController.m */ = {isa = PBXFileReference; lastKnownFileType = sourcecode.c.objc; path = XPYBaseNavigationController.m; sourceTree = "<group>"; };
		6CE85CE422C4999D009C5D20 /* XPYThumbUpAnimationViewController.h */ = {isa = PBXFileReference; lastKnownFileType = sourcecode.c.h; path = XPYThumbUpAnimationViewController.h; sourceTree = "<group>"; };
		6CE85CE522C4999D009C5D20 /* XPYThumbUpAnimationViewController.m */ = {isa = PBXFileReference; lastKnownFileType = sourcecode.c.objc; path = XPYThumbUpAnimationViewController.m; sourceTree = "<group>"; };
		6CE85CFC22C734C3009C5D20 /* XPYAnimationsView.h */ = {isa = PBXFileReference; lastKnownFileType = sourcecode.c.h; path = XPYAnimationsView.h; sourceTree = "<group>"; };
		6CE85CFD22C734C3009C5D20 /* XPYAnimationsView.m */ = {isa = PBXFileReference; lastKnownFileType = sourcecode.c.objc; path = XPYAnimationsView.m; sourceTree = "<group>"; };
		6CE85CFF22C7380B009C5D20 /* XPYAnimationsViewController.h */ = {isa = PBXFileReference; lastKnownFileType = sourcecode.c.h; path = XPYAnimationsViewController.h; sourceTree = "<group>"; };
		6CE85D0022C7380B009C5D20 /* XPYAnimationsViewController.m */ = {isa = PBXFileReference; lastKnownFileType = sourcecode.c.objc; path = XPYAnimationsViewController.m; sourceTree = "<group>"; };
		6CEAE7CB237652A000E6C43E /* XPYAlertManager.h */ = {isa = PBXFileReference; fileEncoding = 4; lastKnownFileType = sourcecode.c.h; path = XPYAlertManager.h; sourceTree = "<group>"; };
		6CEAE7CC237652A000E6C43E /* XPYAlertManager.m */ = {isa = PBXFileReference; fileEncoding = 4; lastKnownFileType = sourcecode.c.objc; path = XPYAlertManager.m; sourceTree = "<group>"; };
		6CEAE7D1237BAB0E00E6C43E /* XPYImagePickerViewController.h */ = {isa = PBXFileReference; lastKnownFileType = sourcecode.c.h; path = XPYImagePickerViewController.h; sourceTree = "<group>"; };
		6CEAE7D2237BAB0E00E6C43E /* XPYImagePickerViewController.m */ = {isa = PBXFileReference; lastKnownFileType = sourcecode.c.objc; path = XPYImagePickerViewController.m; sourceTree = "<group>"; };
		6CEAE7D5237BD28400E6C43E /* XPYImagePickerCollectionView.h */ = {isa = PBXFileReference; lastKnownFileType = sourcecode.c.h; path = XPYImagePickerCollectionView.h; sourceTree = "<group>"; };
		6CEAE7D6237BD28400E6C43E /* XPYImagePickerCollectionView.m */ = {isa = PBXFileReference; lastKnownFileType = sourcecode.c.objc; path = XPYImagePickerCollectionView.m; sourceTree = "<group>"; };
		6CEAE7D8237BE04A00E6C43E /* XPYImagePickerCollectionViewCell.h */ = {isa = PBXFileReference; lastKnownFileType = sourcecode.c.h; path = XPYImagePickerCollectionViewCell.h; sourceTree = "<group>"; };
		6CEAE7D9237BE04A00E6C43E /* XPYImagePickerCollectionViewCell.m */ = {isa = PBXFileReference; lastKnownFileType = sourcecode.c.objc; path = XPYImagePickerCollectionViewCell.m; sourceTree = "<group>"; };
		6CFC594E22E1973E0001928F /* XPYDrawingViewController.h */ = {isa = PBXFileReference; lastKnownFileType = sourcecode.c.h; path = XPYDrawingViewController.h; sourceTree = "<group>"; };
		6CFC594F22E1973E0001928F /* XPYDrawingViewController.m */ = {isa = PBXFileReference; lastKnownFileType = sourcecode.c.objc; path = XPYDrawingViewController.m; sourceTree = "<group>"; };
		6CFC595122E197BA0001928F /* XPYTransformAnimationViewController.h */ = {isa = PBXFileReference; lastKnownFileType = sourcecode.c.h; path = XPYTransformAnimationViewController.h; sourceTree = "<group>"; };
		6CFC595222E197BA0001928F /* XPYTransformAnimationViewController.m */ = {isa = PBXFileReference; lastKnownFileType = sourcecode.c.objc; path = XPYTransformAnimationViewController.m; sourceTree = "<group>"; };
		6CFC595422E198A80001928F /* XPYAnimationGroupsViewController.h */ = {isa = PBXFileReference; lastKnownFileType = sourcecode.c.h; path = XPYAnimationGroupsViewController.h; sourceTree = "<group>"; };
		6CFC595522E198A80001928F /* XPYAnimationGroupsViewController.m */ = {isa = PBXFileReference; lastKnownFileType = sourcecode.c.objc; path = XPYAnimationGroupsViewController.m; sourceTree = "<group>"; };
		FCB74C9F3137D9DCC05C220D /* libPods-XPYToolsAndCategories.a */ = {isa = PBXFileReference; explicitFileType = archive.ar; includeInIndex = 0; path = "libPods-XPYToolsAndCategories.a"; sourceTree = BUILT_PRODUCTS_DIR; };
/* End PBXFileReference section */

/* Begin PBXFrameworksBuildPhase section */
		3D93ABB421E83B2A00E2C367 /* Frameworks */ = {
			isa = PBXFrameworksBuildPhase;
			buildActionMask = 2147483647;
			files = (
				7BF0602AEAF96F5BAA474F33 /* libPods-XPYToolsAndCategories.a in Frameworks */,
			);
			runOnlyForDeploymentPostprocessing = 0;
		};
/* End PBXFrameworksBuildPhase section */

/* Begin PBXGroup section */
		39342D1EC59C25D29EB2E46A /* Pods */ = {
			isa = PBXGroup;
			children = (
				18F698C8F920FAF2FCB30AA2 /* Pods-XPYToolsAndCategories.debug.xcconfig */,
				0D57E2014AAF20ECFBD7A17A /* Pods-XPYToolsAndCategories.release.xcconfig */,
			);
			path = Pods;
			sourceTree = "<group>";
		};
		3D93ABAE21E83B2A00E2C367 = {
			isa = PBXGroup;
			children = (
				3D93ABB921E83B2A00E2C367 /* XPYToolsAndCategories */,
				3D93ABB821E83B2A00E2C367 /* Products */,
				39342D1EC59C25D29EB2E46A /* Pods */,
				D9AE0B1BE10D27BFC7402828 /* Frameworks */,
			);
			sourceTree = "<group>";
		};
		3D93ABB821E83B2A00E2C367 /* Products */ = {
			isa = PBXGroup;
			children = (
				3D93ABB721E83B2A00E2C367 /* XPYToolsAndCategories.app */,
			);
			name = Products;
			sourceTree = "<group>";
		};
		3D93ABB921E83B2A00E2C367 /* XPYToolsAndCategories */ = {
			isa = PBXGroup;
			children = (
				6C9FD3DA229FB8C4003297B5 /* Tests */,
				6C1E3B852341A54400915662 /* DataBase */,
				3D93ABD921E83BA000E2C367 /* Tools */,
				6CFC594A22E196480001928F /* Features */,
				3D93ABBA21E83B2A00E2C367 /* AppDelegate.h */,
				3D93ABBB21E83B2A00E2C367 /* AppDelegate.m */,
				6CE85CE122C491DC009C5D20 /* XPYBaseNavigationController.h */,
				6CE85CE222C491DC009C5D20 /* XPYBaseNavigationController.m */,
				3D93ABC021E83B2A00E2C367 /* Main.storyboard */,
				3D93ABC321E83B2C00E2C367 /* Assets.xcassets */,
				3D93ABC521E83B2C00E2C367 /* LaunchScreen.storyboard */,
				3D93ABC821E83B2C00E2C367 /* Info.plist */,
				3D93ABC921E83B2C00E2C367 /* main.m */,
			);
			path = XPYToolsAndCategories;
			sourceTree = "<group>";
		};
		3D93ABD021E83BA000E2C367 /* Categories */ = {
			isa = PBXGroup;
			children = (
				3D93ABD521E83BA000E2C367 /* UIImage+ResizeMagick.h */,
				3D93ABD121E83BA000E2C367 /* UIImage+ResizeMagick.m */,
				3D93ABD621E83BA000E2C367 /* UIControl+Blocks.h */,
				3D93ABD221E83BA000E2C367 /* UIControl+Blocks.m */,
				3D93ABD321E83BA000E2C367 /* UIImage+ImageEffects.h */,
				3D93ABD721E83BA000E2C367 /* UIImage+ImageEffects.m */,
				3D93ABD421E83BA000E2C367 /* NSDate+gyh.h */,
				3D93ABD821E83BA000E2C367 /* NSDate+gyh.m */,
				6C1440FB2363F18E00B9841E /* UIViewController+XPYScrollViewInsets.h */,
				6C1440FC2363F18E00B9841E /* UIViewController+XPYScrollViewInsets.m */,
				6C9008B4236BC27800E8EDE6 /* UIView+XPYSnapshotImage.h */,
				6C9008B5236BC27800E8EDE6 /* UIView+XPYSnapshotImage.m */,
			);
			name = Categories;
			path = Tools/Categories;
			sourceTree = SOURCE_ROOT;
		};
		3D93ABD921E83BA000E2C367 /* Tools */ = {
			isa = PBXGroup;
			children = (
				6C1E3B8A2341A9EA00915662 /* Utilities */,
				6C1E3B892341A93A00915662 /* Kits */,
				3D93ABD021E83BA000E2C367 /* Categories */,
			);
			path = Tools;
			sourceTree = SOURCE_ROOT;
		};
		6C1E3B852341A54400915662 /* DataBase */ = {
			isa = PBXGroup;
			children = (
				6C1E3B862341A57800915662 /* XPYDataBaseManager.h */,
				6C1E3B872341A57800915662 /* XPYDataBaseManager.m */,
			);
			path = DataBase;
			sourceTree = "<group>";
		};
		6C1E3B892341A93A00915662 /* Kits */ = {
			isa = PBXGroup;
			children = (
				6CE787232321F93F00831516 /* XPYCategoryView */,
				3D93ABDA21E83BA000E2C367 /* XLBlockAlertView.h */,
				3D93ABE021E83BA000E2C367 /* XLBlockAlertView.m */,
				3D93ABDF21E83BA000E2C367 /* XLBlockActionSheet.h */,
				3D93ABDB21E83BA000E2C367 /* XLBlockActionSheet.m */,
				3D93ABE221E83BA000E2C367 /* XLNoticeHelper.h */,
				3D93ABDC21E83BA000E2C367 /* XLNoticeHelper.m */,
				3D93ABDD21E83BA000E2C367 /* XLHyperLinkButton.h */,
				3D93ABE121E83BA000E2C367 /* XLHyperLinkButton.m */,
				3D93ABDE21E83BA000E2C367 /* XLColorTool.h */,
				3D93ABE321E83BA000E2C367 /* XLColorTool.m */,
				6C02149E22BC790E004726D7 /* XPYAlertController.h */,
				6C02149F22BC790E004726D7 /* XPYAlertController.m */,
				6CEAE7CB237652A000E6C43E /* XPYAlertManager.h */,
				6CEAE7CC237652A000E6C43E /* XPYAlertManager.m */,
				6C4847AA2398F253000E1A9F /* XPYCopyLabel.h */,
				6C4847AB2398F253000E1A9F /* XPYCopyLabel.m */,
			);
			path = Kits;
			sourceTree = "<group>";
		};
		6C1E3B8A2341A9EA00915662 /* Utilities */ = {
			isa = PBXGroup;
			children = (
				6C1E3B8B2341AA5400915662 /* XPYUtilities.h */,
				6C1E3B8C2341AA5400915662 /* XPYUtilities.m */,
				6C1E3B8E2341E70600915662 /* XPYUtilitiesDefine.h */,
				6C9008B7236BD8CB00E8EDE6 /* XPYFileManager.h */,
				6C9008B8236BD8CB00E8EDE6 /* XPYFileManager.m */,
			);
			path = Utilities;
			sourceTree = "<group>";
		};
		6C9FD3DA229FB8C4003297B5 /* Tests */ = {
			isa = PBXGroup;
			children = (
				6C9FD3DB229FB8E5003297B5 /* XPYPerson.h */,
				6C9FD3DC229FB8E5003297B5 /* XPYPerson.m */,
			);
			path = Tests;
			sourceTree = "<group>";
		};
		6CAEFE872351B7C800C22FB4 /* Transition */ = {
			isa = PBXGroup;
			children = (
				6C094E3923682B8C008EDA86 /* XPYBaseTransitionViewController.h */,
				6C094E3A23682B8C008EDA86 /* XPYBaseTransitionViewController.m */,
				6CAEFE882351B82900C22FB4 /* XPYPushAnimation.h */,
				6CAEFE892351B82900C22FB4 /* XPYPushAnimation.m */,
				6CAEFE8B2351B83400C22FB4 /* XPYPopAnimation.h */,
				6CAEFE8C2351B83400C22FB4 /* XPYPopAnimation.m */,
			);
			path = Transition;
			sourceTree = "<group>";
		};
		6CE787232321F93F00831516 /* XPYCategoryView */ = {
			isa = PBXGroup;
			children = (
				6CE787202321F92300831516 /* XPYCategoryTitleView.h */,
				6CE787212321F92300831516 /* XPYCategoryTitleView.m */,
				6CE787242321F9BF00831516 /* XPYCategoryContentView.h */,
				6CE787252321F9BF00831516 /* XPYCategoryContentView.m */,
			);
			path = XPYCategoryView;
			sourceTree = "<group>";
		};
		6CEAE7D4237BD24400E6C43E /* Views */ = {
			isa = PBXGroup;
			children = (
				6CEAE7D5237BD28400E6C43E /* XPYImagePickerCollectionView.h */,
				6CEAE7D6237BD28400E6C43E /* XPYImagePickerCollectionView.m */,
				6CEAE7D8237BE04A00E6C43E /* XPYImagePickerCollectionViewCell.h */,
				6CEAE7D9237BE04A00E6C43E /* XPYImagePickerCollectionViewCell.m */,
				6CB9F03623826F820043025B /* XPYPhotosPreviewToolViewHandler.h */,
				6CB9F03723826F820043025B /* XPYPhotosPreviewToolViewHandler.m */,
			);
			path = Views;
			sourceTree = "<group>";
		};
		6CFC594A22E196480001928F /* Features */ = {
			isa = PBXGroup;
			children = (
				6CFC594B22E1968C0001928F /* Homepage */,
				6CFC594C22E196A90001928F /* Animations */,
			);
			path = Features;
			sourceTree = "<group>";
		};
		6CFC594B22E1968C0001928F /* Homepage */ = {
			isa = PBXGroup;
			children = (
				6CEAE7D4237BD24400E6C43E /* Views */,
				3D93ABBD21E83B2A00E2C367 /* ViewController.h */,
				3D93ABBE21E83B2A00E2C367 /* ViewController.m */,
				6C43B20F22F40FCF0062D233 /* XPYTableViewController.h */,
				6C43B21022F40FCF0062D233 /* XPYTableViewController.m */,
				6CE787272322013700831516 /* XPYCategoryViewController.h */,
				6CE787282322013700831516 /* XPYCategoryViewController.m */,
				6CEAE7D1237BAB0E00E6C43E /* XPYImagePickerViewController.h */,
				6CEAE7D2237BAB0E00E6C43E /* XPYImagePickerViewController.m */,
				6CB9F033238240240043025B /* XPYPhotosPreviewViewController.h */,
				6CB9F034238240240043025B /* XPYPhotosPreviewViewController.m */,
				6CB6E16A2386616D00C9666B /* XPYCopyLabelViewController.h */,
				6CB6E16B2386616D00C9666B /* XPYCopyLabelViewController.m */,
			);
			path = Homepage;
			sourceTree = "<group>";
		};
		6CFC594C22E196A90001928F /* Animations */ = {
			isa = PBXGroup;
			children = (
				6CAEFE872351B7C800C22FB4 /* Transition */,
				6CFC594D22E196BD0001928F /* Views */,
				6CE85CFF22C7380B009C5D20 /* XPYAnimationsViewController.h */,
				6CE85D0022C7380B009C5D20 /* XPYAnimationsViewController.m */,
				6CFC594E22E1973E0001928F /* XPYDrawingViewController.h */,
				6CFC594F22E1973E0001928F /* XPYDrawingViewController.m */,
				6CFC595122E197BA0001928F /* XPYTransformAnimationViewController.h */,
				6CFC595222E197BA0001928F /* XPYTransformAnimationViewController.m */,
				6CE85CE422C4999D009C5D20 /* XPYThumbUpAnimationViewController.h */,
				6CE85CE522C4999D009C5D20 /* XPYThumbUpAnimationViewController.m */,
				6CFC595422E198A80001928F /* XPYAnimationGroupsViewController.h */,
				6CFC595522E198A80001928F /* XPYAnimationGroupsViewController.m */,
				6CAEFE842351B70300C22FB4 /* XPYCommonTransitionAnimationViewController.h */,
				6CAEFE852351B70300C22FB4 /* XPYCommonTransitionAnimationViewController.m */,
				6C1440FE236432D100B9841E /* XPYCommonTransitionPopAnimationViewController.h */,
				6C1440FF236432D100B9841E /* XPYCommonTransitionPopAnimationViewController.m */,
			);
			path = Animations;
			sourceTree = "<group>";
		};
		6CFC594D22E196BD0001928F /* Views */ = {
			isa = PBXGroup;
			children = (
				6C0C1B4622743C9E0055BAB4 /* XPYDrawingView.h */,
				6C0C1B4722743C9E0055BAB4 /* XPYDrawingView.m */,
				6CE85CFC22C734C3009C5D20 /* XPYAnimationsView.h */,
				6CE85CFD22C734C3009C5D20 /* XPYAnimationsView.m */,
			);
			path = Views;
			sourceTree = "<group>";
		};
		D9AE0B1BE10D27BFC7402828 /* Frameworks */ = {
			isa = PBXGroup;
			children = (
				FCB74C9F3137D9DCC05C220D /* libPods-XPYToolsAndCategories.a */,
			);
			name = Frameworks;
			sourceTree = "<group>";
		};
/* End PBXGroup section */

/* Begin PBXNativeTarget section */
		3D93ABB621E83B2A00E2C367 /* XPYToolsAndCategories */ = {
			isa = PBXNativeTarget;
			buildConfigurationList = 3D93ABCD21E83B2C00E2C367 /* Build configuration list for PBXNativeTarget "XPYToolsAndCategories" */;
			buildPhases = (
				5DA1D5B0A2069C99A828A852 /* [CP] Check Pods Manifest.lock */,
				3D93ABB321E83B2A00E2C367 /* Sources */,
				3D93ABB421E83B2A00E2C367 /* Frameworks */,
				3D93ABB521E83B2A00E2C367 /* Resources */,
				33C09ADF7DAEEB3F3DF6BC4F /* [CP] Copy Pods Resources */,
			);
			buildRules = (
			);
			dependencies = (
			);
			name = XPYToolsAndCategories;
			productName = XPYToolsAndCategories;
			productReference = 3D93ABB721E83B2A00E2C367 /* XPYToolsAndCategories.app */;
			productType = "com.apple.product-type.application";
		};
/* End PBXNativeTarget section */

/* Begin PBXProject section */
		3D93ABAF21E83B2A00E2C367 /* Project object */ = {
			isa = PBXProject;
			attributes = {
				CLASSPREFIX = XPY;
				LastUpgradeCheck = 1010;
				ORGANIZATIONNAME = xpy;
				TargetAttributes = {
					3D93ABB621E83B2A00E2C367 = {
						CreatedOnToolsVersion = 10.1;
					};
				};
			};
			buildConfigurationList = 3D93ABB221E83B2A00E2C367 /* Build configuration list for PBXProject "XPYToolsAndCategories" */;
			compatibilityVersion = "Xcode 9.3";
			developmentRegion = en;
			hasScannedForEncodings = 0;
			knownRegions = (
				en,
				Base,
			);
			mainGroup = 3D93ABAE21E83B2A00E2C367;
			productRefGroup = 3D93ABB821E83B2A00E2C367 /* Products */;
			projectDirPath = "";
			projectRoot = "";
			targets = (
				3D93ABB621E83B2A00E2C367 /* XPYToolsAndCategories */,
			);
		};
/* End PBXProject section */

/* Begin PBXResourcesBuildPhase section */
		3D93ABB521E83B2A00E2C367 /* Resources */ = {
			isa = PBXResourcesBuildPhase;
			buildActionMask = 2147483647;
			files = (
				3D93ABC721E83B2C00E2C367 /* LaunchScreen.storyboard in Resources */,
				3D93ABC421E83B2C00E2C367 /* Assets.xcassets in Resources */,
				3D93ABC221E83B2A00E2C367 /* Main.storyboard in Resources */,
			);
			runOnlyForDeploymentPostprocessing = 0;
		};
/* End PBXResourcesBuildPhase section */

/* Begin PBXShellScriptBuildPhase section */
		33C09ADF7DAEEB3F3DF6BC4F /* [CP] Copy Pods Resources */ = {
			isa = PBXShellScriptBuildPhase;
			buildActionMask = 2147483647;
			files = (
			);
			inputFileListPaths = (
			);
			inputPaths = (
				"${PODS_ROOT}/Target Support Files/Pods-XPYToolsAndCategories/Pods-XPYToolsAndCategories-resources.sh",
				"${PODS_ROOT}/RSKImageCropper/RSKImageCropper/RSKImageCropperStrings.bundle",
				"${PODS_ROOT}/TZImagePickerController/TZImagePickerController/TZImagePickerController/TZImagePickerController.bundle",
				"${PODS_ROOT}/YBImageBrowser/YBImageBrowser/YBImageBrowser.bundle",
			);
			name = "[CP] Copy Pods Resources";
			outputFileListPaths = (
			);
			outputPaths = (
				"${TARGET_BUILD_DIR}/${UNLOCALIZED_RESOURCES_FOLDER_PATH}/RSKImageCropperStrings.bundle",
				"${TARGET_BUILD_DIR}/${UNLOCALIZED_RESOURCES_FOLDER_PATH}/TZImagePickerController.bundle",
				"${TARGET_BUILD_DIR}/${UNLOCALIZED_RESOURCES_FOLDER_PATH}/YBImageBrowser.bundle",
			);
			runOnlyForDeploymentPostprocessing = 0;
			shellPath = /bin/sh;
			shellScript = "\"${PODS_ROOT}/Target Support Files/Pods-XPYToolsAndCategories/Pods-XPYToolsAndCategories-resources.sh\"\n";
			showEnvVarsInLog = 0;
		};
		5DA1D5B0A2069C99A828A852 /* [CP] Check Pods Manifest.lock */ = {
			isa = PBXShellScriptBuildPhase;
			buildActionMask = 2147483647;
			files = (
			);
			inputFileListPaths = (
			);
			inputPaths = (
				"${PODS_PODFILE_DIR_PATH}/Podfile.lock",
				"${PODS_ROOT}/Manifest.lock",
			);
			name = "[CP] Check Pods Manifest.lock";
			outputFileListPaths = (
			);
			outputPaths = (
				"$(DERIVED_FILE_DIR)/Pods-XPYToolsAndCategories-checkManifestLockResult.txt",
			);
			runOnlyForDeploymentPostprocessing = 0;
			shellPath = /bin/sh;
			shellScript = "diff \"${PODS_PODFILE_DIR_PATH}/Podfile.lock\" \"${PODS_ROOT}/Manifest.lock\" > /dev/null\nif [ $? != 0 ] ; then\n    # print error to STDERR\n    echo \"error: The sandbox is not in sync with the Podfile.lock. Run 'pod install' or update your CocoaPods installation.\" >&2\n    exit 1\nfi\n# This output is used by Xcode 'outputs' to avoid re-running this script phase.\necho \"SUCCESS\" > \"${SCRIPT_OUTPUT_FILE_0}\"\n";
			showEnvVarsInLog = 0;
		};
/* End PBXShellScriptBuildPhase section */

/* Begin PBXSourcesBuildPhase section */
		3D93ABB321E83B2A00E2C367 /* Sources */ = {
			isa = PBXSourcesBuildPhase;
			buildActionMask = 2147483647;
			files = (
				6C9008B9236BD8CB00E8EDE6 /* XPYFileManager.m in Sources */,
				6C4847AC2398F254000E1A9F /* XPYCopyLabel.m in Sources */,
				3D93ABEB21E83BA000E2C367 /* XLHyperLinkButton.m in Sources */,
				3D93ABE921E83BA000E2C367 /* XLNoticeHelper.m in Sources */,
				6C43B21122F40FCF0062D233 /* XPYTableViewController.m in Sources */,
				6C0214A022BC790E004726D7 /* XPYAlertController.m in Sources */,
				3D93ABBF21E83B2A00E2C367 /* ViewController.m in Sources */,
				6CB6E16C2386616D00C9666B /* XPYCopyLabelViewController.m in Sources */,
				6C144100236432D100B9841E /* XPYCommonTransitionPopAnimationViewController.m in Sources */,
				6CAEFE862351B70300C22FB4 /* XPYCommonTransitionAnimationViewController.m in Sources */,
				6C1440FD2363F18E00B9841E /* UIViewController+XPYScrollViewInsets.m in Sources */,
				6CE787262321F9BF00831516 /* XPYCategoryContentView.m in Sources */,
				6CEAE7D7237BD28400E6C43E /* XPYImagePickerCollectionView.m in Sources */,
				3D93ABCA21E83B2C00E2C367 /* main.m in Sources */,
				3D93ABE721E83BA000E2C367 /* NSDate+gyh.m in Sources */,
				6CE85D0122C7380B009C5D20 /* XPYAnimationsViewController.m in Sources */,
				6CFC595322E197BA0001928F /* XPYTransformAnimationViewController.m in Sources */,
				3D93ABE621E83BA000E2C367 /* UIImage+ImageEffects.m in Sources */,
				6CE85CFE22C734C3009C5D20 /* XPYAnimationsView.m in Sources */,
				3D93ABE521E83BA000E2C367 /* UIControl+Blocks.m in Sources */,
				6C094E3B23682B8C008EDA86 /* XPYBaseTransitionViewController.m in Sources */,
				6CEAE7D3237BAB0E00E6C43E /* XPYImagePickerViewController.m in Sources */,
				6CFC595622E198A80001928F /* XPYAnimationGroupsViewController.m in Sources */,
				6CE787292322013700831516 /* XPYCategoryViewController.m in Sources */,
				6CE787222321F92300831516 /* XPYCategoryTitleView.m in Sources */,
				6CE85CE322C491DC009C5D20 /* XPYBaseNavigationController.m in Sources */,
				6C0C1B4822743C9E0055BAB4 /* XPYDrawingView.m in Sources */,
				6CEAE7CD237652A000E6C43E /* XPYAlertManager.m in Sources */,
				3D93ABE821E83BA000E2C367 /* XLBlockActionSheet.m in Sources */,
				6CB9F03823826F820043025B /* XPYPhotosPreviewToolViewHandler.m in Sources */,
				6CFC595022E1973E0001928F /* XPYDrawingViewController.m in Sources */,
				3D93ABBC21E83B2A00E2C367 /* AppDelegate.m in Sources */,
				6C9FD3DD229FB8E5003297B5 /* XPYPerson.m in Sources */,
				6CEAE7DA237BE04A00E6C43E /* XPYImagePickerCollectionViewCell.m in Sources */,
				6CE85CE622C4999D009C5D20 /* XPYThumbUpAnimationViewController.m in Sources */,
				6C1E3B882341A57800915662 /* XPYDataBaseManager.m in Sources */,
				3D93ABEC21E83BA000E2C367 /* XLColorTool.m in Sources */,
				3D93ABE421E83BA000E2C367 /* UIImage+ResizeMagick.m in Sources */,
				6CAEFE8D2351B83400C22FB4 /* XPYPopAnimation.m in Sources */,
				6C9008B6236BC27800E8EDE6 /* UIView+XPYSnapshotImage.m in Sources */,
				6CAEFE8A2351B82900C22FB4 /* XPYPushAnimation.m in Sources */,
				6C1E3B8D2341AA5400915662 /* XPYUtilities.m in Sources */,
				6CB9F035238240240043025B /* XPYPhotosPreviewViewController.m in Sources */,
				3D93ABEA21E83BA000E2C367 /* XLBlockAlertView.m in Sources */,
			);
			runOnlyForDeploymentPostprocessing = 0;
		};
/* End PBXSourcesBuildPhase section */

/* Begin PBXVariantGroup section */
		3D93ABC021E83B2A00E2C367 /* Main.storyboard */ = {
			isa = PBXVariantGroup;
			children = (
				3D93ABC121E83B2A00E2C367 /* Base */,
			);
			name = Main.storyboard;
			sourceTree = "<group>";
		};
		3D93ABC521E83B2C00E2C367 /* LaunchScreen.storyboard */ = {
			isa = PBXVariantGroup;
			children = (
				3D93ABC621E83B2C00E2C367 /* Base */,
			);
			name = LaunchScreen.storyboard;
			sourceTree = "<group>";
		};
/* End PBXVariantGroup section */

/* Begin XCBuildConfiguration section */
		3D93ABCB21E83B2C00E2C367 /* Debug */ = {
			isa = XCBuildConfiguration;
			buildSettings = {
				ALWAYS_SEARCH_USER_PATHS = NO;
				CLANG_ANALYZER_NONNULL = YES;
				CLANG_ANALYZER_NUMBER_OBJECT_CONVERSION = YES_AGGRESSIVE;
				CLANG_CXX_LANGUAGE_STANDARD = "gnu++14";
				CLANG_CXX_LIBRARY = "libc++";
				CLANG_ENABLE_MODULES = YES;
				CLANG_ENABLE_OBJC_ARC = YES;
				CLANG_ENABLE_OBJC_WEAK = YES;
				CLANG_WARN_BLOCK_CAPTURE_AUTORELEASING = YES;
				CLANG_WARN_BOOL_CONVERSION = YES;
				CLANG_WARN_COMMA = YES;
				CLANG_WARN_CONSTANT_CONVERSION = YES;
				CLANG_WARN_DEPRECATED_OBJC_IMPLEMENTATIONS = YES;
				CLANG_WARN_DIRECT_OBJC_ISA_USAGE = YES_ERROR;
				CLANG_WARN_DOCUMENTATION_COMMENTS = YES;
				CLANG_WARN_EMPTY_BODY = YES;
				CLANG_WARN_ENUM_CONVERSION = YES;
				CLANG_WARN_INFINITE_RECURSION = YES;
				CLANG_WARN_INT_CONVERSION = YES;
				CLANG_WARN_NON_LITERAL_NULL_CONVERSION = YES;
				CLANG_WARN_OBJC_IMPLICIT_RETAIN_SELF = YES;
				CLANG_WARN_OBJC_LITERAL_CONVERSION = YES;
				CLANG_WARN_OBJC_ROOT_CLASS = YES_ERROR;
				CLANG_WARN_RANGE_LOOP_ANALYSIS = YES;
				CLANG_WARN_STRICT_PROTOTYPES = YES;
				CLANG_WARN_SUSPICIOUS_MOVE = YES;
				CLANG_WARN_UNGUARDED_AVAILABILITY = YES_AGGRESSIVE;
				CLANG_WARN_UNREACHABLE_CODE = YES;
				CLANG_WARN__DUPLICATE_METHOD_MATCH = YES;
				CODE_SIGN_IDENTITY = "iPhone Developer";
				COPY_PHASE_STRIP = NO;
				DEBUG_INFORMATION_FORMAT = dwarf;
				ENABLE_STRICT_OBJC_MSGSEND = YES;
				ENABLE_TESTABILITY = YES;
				GCC_C_LANGUAGE_STANDARD = gnu11;
				GCC_DYNAMIC_NO_PIC = NO;
				GCC_NO_COMMON_BLOCKS = YES;
				GCC_OPTIMIZATION_LEVEL = 0;
				GCC_PREPROCESSOR_DEFINITIONS = (
					"DEBUG=1",
					"$(inherited)",
				);
				GCC_WARN_64_TO_32_BIT_CONVERSION = YES;
				GCC_WARN_ABOUT_RETURN_TYPE = YES_ERROR;
				GCC_WARN_UNDECLARED_SELECTOR = YES;
				GCC_WARN_UNINITIALIZED_AUTOS = YES_AGGRESSIVE;
				GCC_WARN_UNUSED_FUNCTION = YES;
				GCC_WARN_UNUSED_VARIABLE = YES;
				IPHONEOS_DEPLOYMENT_TARGET = 12.1;
				MTL_ENABLE_DEBUG_INFO = INCLUDE_SOURCE;
				MTL_FAST_MATH = YES;
				ONLY_ACTIVE_ARCH = YES;
				SDKROOT = iphoneos;
			};
			name = Debug;
		};
		3D93ABCC21E83B2C00E2C367 /* Release */ = {
			isa = XCBuildConfiguration;
			buildSettings = {
				ALWAYS_SEARCH_USER_PATHS = NO;
				CLANG_ANALYZER_NONNULL = YES;
				CLANG_ANALYZER_NUMBER_OBJECT_CONVERSION = YES_AGGRESSIVE;
				CLANG_CXX_LANGUAGE_STANDARD = "gnu++14";
				CLANG_CXX_LIBRARY = "libc++";
				CLANG_ENABLE_MODULES = YES;
				CLANG_ENABLE_OBJC_ARC = YES;
				CLANG_ENABLE_OBJC_WEAK = YES;
				CLANG_WARN_BLOCK_CAPTURE_AUTORELEASING = YES;
				CLANG_WARN_BOOL_CONVERSION = YES;
				CLANG_WARN_COMMA = YES;
				CLANG_WARN_CONSTANT_CONVERSION = YES;
				CLANG_WARN_DEPRECATED_OBJC_IMPLEMENTATIONS = YES;
				CLANG_WARN_DIRECT_OBJC_ISA_USAGE = YES_ERROR;
				CLANG_WARN_DOCUMENTATION_COMMENTS = YES;
				CLANG_WARN_EMPTY_BODY = YES;
				CLANG_WARN_ENUM_CONVERSION = YES;
				CLANG_WARN_INFINITE_RECURSION = YES;
				CLANG_WARN_INT_CONVERSION = YES;
				CLANG_WARN_NON_LITERAL_NULL_CONVERSION = YES;
				CLANG_WARN_OBJC_IMPLICIT_RETAIN_SELF = YES;
				CLANG_WARN_OBJC_LITERAL_CONVERSION = YES;
				CLANG_WARN_OBJC_ROOT_CLASS = YES_ERROR;
				CLANG_WARN_RANGE_LOOP_ANALYSIS = YES;
				CLANG_WARN_STRICT_PROTOTYPES = YES;
				CLANG_WARN_SUSPICIOUS_MOVE = YES;
				CLANG_WARN_UNGUARDED_AVAILABILITY = YES_AGGRESSIVE;
				CLANG_WARN_UNREACHABLE_CODE = YES;
				CLANG_WARN__DUPLICATE_METHOD_MATCH = YES;
				CODE_SIGN_IDENTITY = "iPhone Developer";
				COPY_PHASE_STRIP = NO;
				DEBUG_INFORMATION_FORMAT = "dwarf-with-dsym";
				ENABLE_NS_ASSERTIONS = NO;
				ENABLE_STRICT_OBJC_MSGSEND = YES;
				GCC_C_LANGUAGE_STANDARD = gnu11;
				GCC_NO_COMMON_BLOCKS = YES;
				GCC_WARN_64_TO_32_BIT_CONVERSION = YES;
				GCC_WARN_ABOUT_RETURN_TYPE = YES_ERROR;
				GCC_WARN_UNDECLARED_SELECTOR = YES;
				GCC_WARN_UNINITIALIZED_AUTOS = YES_AGGRESSIVE;
				GCC_WARN_UNUSED_FUNCTION = YES;
				GCC_WARN_UNUSED_VARIABLE = YES;
				IPHONEOS_DEPLOYMENT_TARGET = 12.1;
				MTL_ENABLE_DEBUG_INFO = NO;
				MTL_FAST_MATH = YES;
				SDKROOT = iphoneos;
				VALIDATE_PRODUCT = YES;
			};
			name = Release;
		};
		3D93ABCE21E83B2C00E2C367 /* Debug */ = {
			isa = XCBuildConfiguration;
			baseConfigurationReference = 18F698C8F920FAF2FCB30AA2 /* Pods-XPYToolsAndCategories.debug.xcconfig */;
			buildSettings = {
				ASSETCATALOG_COMPILER_APPICON_NAME = AppIcon;
				CODE_SIGN_STYLE = Automatic;
				DEVELOPMENT_TEAM = RLWJB4A9U9;
				INFOPLIST_FILE = XPYToolsAndCategories/Info.plist;
				IPHONEOS_DEPLOYMENT_TARGET = 9.0;
				LD_RUNPATH_SEARCH_PATHS = (
					"$(inherited)",
					"@executable_path/Frameworks",
				);
				PRODUCT_BUNDLE_IDENTIFIER = com.xiangxiaopenyou.XPYToolsAndCategories;
				PRODUCT_NAME = "$(TARGET_NAME)";
				TARGETED_DEVICE_FAMILY = "1,2";
			};
			name = Debug;
		};
		3D93ABCF21E83B2C00E2C367 /* Release */ = {
			isa = XCBuildConfiguration;
			baseConfigurationReference = 0D57E2014AAF20ECFBD7A17A /* Pods-XPYToolsAndCategories.release.xcconfig */;
			buildSettings = {
				ASSETCATALOG_COMPILER_APPICON_NAME = AppIcon;
				CODE_SIGN_STYLE = Automatic;
				DEVELOPMENT_TEAM = RLWJB4A9U9;
				INFOPLIST_FILE = XPYToolsAndCategories/Info.plist;
				IPHONEOS_DEPLOYMENT_TARGET = 9.0;
				LD_RUNPATH_SEARCH_PATHS = (
					"$(inherited)",
					"@executable_path/Frameworks",
				);
				PRODUCT_BUNDLE_IDENTIFIER = com.xiangxiaopenyou.XPYToolsAndCategories;
				PRODUCT_NAME = "$(TARGET_NAME)";
				TARGETED_DEVICE_FAMILY = "1,2";
			};
			name = Release;
		};
/* End XCBuildConfiguration section */

/* Begin XCConfigurationList section */
		3D93ABB221E83B2A00E2C367 /* Build configuration list for PBXProject "XPYToolsAndCategories" */ = {
			isa = XCConfigurationList;
			buildConfigurations = (
				3D93ABCB21E83B2C00E2C367 /* Debug */,
				3D93ABCC21E83B2C00E2C367 /* Release */,
			);
			defaultConfigurationIsVisible = 0;
			defaultConfigurationName = Release;
		};
		3D93ABCD21E83B2C00E2C367 /* Build configuration list for PBXNativeTarget "XPYToolsAndCategories" */ = {
			isa = XCConfigurationList;
			buildConfigurations = (
				3D93ABCE21E83B2C00E2C367 /* Debug */,
				3D93ABCF21E83B2C00E2C367 /* Release */,
			);
			defaultConfigurationIsVisible = 0;
			defaultConfigurationName = Release;
		};
/* End XCConfigurationList section */
	};
	rootObject = 3D93ABAF21E83B2A00E2C367 /* Project object */;
}
