PODS:
  - AFNetworking (3.2.1):
    - AFNetworking/NSURLSession (= 3.2.1)
    - AFNetworking/Reachability (= 3.2.1)
    - AFNetworking/Security (= 3.2.1)
    - AFNetworking/Serialization (= 3.2.1)
    - AFNetworking/UIKit (= 3.2.1)
  - AFNetworking/NSURLSession (3.2.1):
    - AFNetworking/Reachability
    - AFNetworking/Security
    - AFNetworking/Serialization
  - AFNetworking/Reachability (3.2.1)
  - AFNetworking/Security (3.2.1)
  - AFNetworking/Serialization (3.2.1)
  - AFNetworking/UIKit (3.2.1):
    - AFNetworking/NSURLSession
  - FMDB (2.7.5):
    - FMDB/standard (= 2.7.5)
  - FMDB/standard (2.7.5)
  - HYBImageCliped (2.2.4)
  - RSKImageCropper (2.2.1)
  - TZImagePickerController (3.2.6)
  - XPYNetworkingLib (0.1.0):
    - AFNetworking
  - YYCache (1.0.4)
  - YYImage (1.0.4):
    - YYImage/Core (= 1.0.4)
  - YYImage/Core (1.0.4)
  - YYWebImage (1.0.5):
    - YYCache
    - YYImage

DEPENDENCIES:
  - FMDB
  - HYBImageCliped
  - RSKImageCropper
  - TZImagePickerController
  - XPYNetworkingLib (from `https://github.com/xiangxiaopenyou/XPYNetworkingLib.git`)
  - YYWebImage

SPEC REPOS:
  https://github.com/cocoapods/specs.git:
    - AFNetworking
    - FMDB
    - HYBImageCliped
    - RSKImageCropper
    - TZImagePickerController
    - YYCache
    - YYImage
    - YYWebImage

EXTERNAL SOURCES:
  XPYNetworkingLib:
    :git: https://github.com/xiangxiaopenyou/XPYNetworkingLib.git

CHECKOUT OPTIONS:
  XPYNetworkingLib:
    :commit: c3dfff095af4d03a44e95a72f7c9861f5e250b38
    :git: https://github.com/xiangxiaopenyou/XPYNetworkingLib.git

SPEC CHECKSUMS:
  AFNetworking: b6f891fdfaed196b46c7a83cf209e09697b94057
  FMDB: 2ce00b547f966261cd18927a3ddb07cb6f3db82a
  HYBImageCliped: 22d14431324bc9d056353d6f1490a3bd03fc7dff
  RSKImageCropper: 98296ad26b41753f796b6898d015509598f13d97
  TZImagePickerController: 3900e8d68428ff3a88817efce82ae9e7d9ffebc9
  XPYNetworkingLib: 5d0d4924901cbfdb7efc1614bb57b50651d0fe36
  YYCache: 8105b6638f5e849296c71f331ff83891a4942952
  YYImage: 1e1b62a9997399593e4b9c4ecfbbabbf1d3f3b54
  YYWebImage: 5f7f36aee2ae293f016d418c7d6ba05c4863e928

PODFILE CHECKSUM: be31a48e503cdde177fe75d146ba848cd566d1e0

COCOAPODS: 1.6.0
