PODS:
  - AFNetworking (3.2.1):
    - AFNetworking/NSURLSession (= 3.2.1)
    - AFNetworking/Reachability (= 3.2.1)
    - AFNetworking/Security (= 3.2.1)
    - AFNetworking/Serialization (= 3.2.1)
    - AFNetworking/UIKit (= 3.2.1)
  - AFNetworking/NSURLSession (3.2.1):
    - AFNetworking/Reachability
    - AFNetworking/Security
    - AFNetworking/Serialization
  - AFNetworking/Reachability (3.2.1)
  - AFNetworking/Security (3.2.1)
  - AFNetworking/Serialization (3.2.1)
  - AFNetworking/UIKit (3.2.1):
    - AFNetworking/NSURLSession
  - CTMediator (44)
  - FMDB (2.7.5):
    - FMDB/standard (= 2.7.5)
  - FMDB/standard (2.7.5)
  - RSKImageCropper (2.3.1)
  - SDWebImage (5.9.5):
    - SDWebImage/Core (= 5.9.5)
  - SDWebImage/Core (5.9.5)
  - TZImagePickerController (3.5.4)
  - YBImageBrowser (3.0.9):
    - YBImageBrowser/Core (= 3.0.9)
  - YBImageBrowser/Core (3.0.9):
    - SDWebImage (>= 5.0.0)
    - YYImage
  - YYCache (1.0.4)
  - YYImage (1.0.4):
    - YYImage/Core (= 1.0.4)
  - YYImage/Core (1.0.4)
  - YYWebImage (1.0.5):
    - YYCache
    - YYImage

DEPENDENCIES:
  - AFNetworking
  - CTMediator
  - FMDB
  - RSKImageCropper
  - TZImagePickerController
  - YBImageBrowser
  - YYWebImage

SPEC REPOS:
  trunk:
    - AFNetworking
    - CTMediator
    - FMDB
    - RSKImageCropper
    - SDWebImage
    - TZImagePickerController
    - YBImageBrowser
    - YYCache
    - YYImage
    - YYWebImage

SPEC CHECKSUMS:
  AFNetworking: b6f891fdfaed196b46c7a83cf209e09697b94057
  CTMediator: 933dba523da87bf875e4a7e8728945fbc512f1d2
  FMDB: 2ce00b547f966261cd18927a3ddb07cb6f3db82a
  RSKImageCropper: cde3c539d0bfb0226635637caa30087668c9bed7
  SDWebImage: 0b2ba0d56479bf6a45ecddbfd5558bea93150d25
  TZImagePickerController: 891421e1fa0d8dfa295388e1f8a8ce2d5152ae88
  YBImageBrowser: 7ecc8bf33ffa5f3b94c397c29b4f3638dd37f527
  YYCache: 8105b6638f5e849296c71f331ff83891a4942952
  YYImage: 1e1b62a9997399593e4b9c4ecfbbabbf1d3f3b54
  YYWebImage: 5f7f36aee2ae293f016d418c7d6ba05c4863e928

PODFILE CHECKSUM: 80436da0a4cf625b4b38c968508a51b8c812b981

COCOAPODS: 1.9.1
