PODS:
  - AFNetworking (3.2.1):
    - AFNetworking/NSURLSession (= 3.2.1)
    - AFNetworking/Reachability (= 3.2.1)
    - AFNetworking/Security (= 3.2.1)
    - AFNetworking/Serialization (= 3.2.1)
    - AFNetworking/UIKit (= 3.2.1)
  - AFNetworking/NSURLSession (3.2.1):
    - AFNetworking/Reachability
    - AFNetworking/Security
    - AFNetworking/Serialization
  - AFNetworking/Reachability (3.2.1)
  - AFNetworking/Security (3.2.1)
  - AFNetworking/Serialization (3.2.1)
  - AFNetworking/UIKit (3.2.1):
    - AFNetworking/NSURLSession
  - FMDB (2.7.5):
    - FMDB/standard (= 2.7.5)
  - FMDB/standard (2.7.5)
  - RSKImageCropper (2.2.1)
  - SDWebImage (5.2.5):
    - SDWebImage/Core (= 5.2.5)
  - SDWebImage/Core (5.2.5)
  - TZImagePickerController (3.2.6)
  - YBImageBrowser (3.0.6):
    - YBImageBrowser/Core (= 3.0.6)
  - YBImageBrowser/Core (3.0.6):
    - SDWebImage (>= 5.0.0)
    - YYImage
  - YYCache (1.0.4)
  - YYImage (1.0.4):
    - YYImage/Core (= 1.0.4)
  - YYImage/Core (1.0.4)
  - YYWebImage (1.0.5):
    - YYCache
    - YYImage

DEPENDENCIES:
  - AFNetworking
  - FMDB
  - RSKImageCropper
  - TZImagePickerController
  - YBImageBrowser
  - YYWebImage

SPEC REPOS:
  trunk:
    - AFNetworking
    - FMDB
    - RSKImageCropper
    - SDWebImage
    - TZImagePickerController
    - YBImageBrowser
    - YYCache
    - YYImage
    - YYWebImage

SPEC CHECKSUMS:
  AFNetworking: b6f891fdfaed196b46c7a83cf209e09697b94057
  FMDB: 2ce00b547f966261cd18927a3ddb07cb6f3db82a
  RSKImageCropper: 98296ad26b41753f796b6898d015509598f13d97
  SDWebImage: 4eabf2fa6695c95c47724214417a9c036c965e4a
  TZImagePickerController: 3900e8d68428ff3a88817efce82ae9e7d9ffebc9
  YBImageBrowser: 59d3e8e035351a9f2f89760742628329378a634b
  YYCache: 8105b6638f5e849296c71f331ff83891a4942952
  YYImage: 1e1b62a9997399593e4b9c4ecfbbabbf1d3f3b54
  YYWebImage: 5f7f36aee2ae293f016d418c7d6ba05c4863e928

PODFILE CHECKSUM: ef8ba30116f86c6e6f5a00bbc1a5a4dc90b7b8b8

COCOAPODS: 1.8.4
