// !$*UTF8*$!
{
	archiveVersion = 1;
	classes = {
	};
	objectVersion = 46;
	objects = {

/* Begin PBXGroup section */
		3D392DF51CF2D20000FCF184 = {
			isa = PBXGroup;
			children = (
			);
			sourceTree = "<group>";
		};
/* End PBXGroup section */

/* Begin PBXProject section */
		3D392DF61CF2D20000FCF184 /* Project object */ = {
			isa = PBXProject;
			attributes = {
				LastUpgradeCheck = 0730;
			};
			buildConfigurationList = 3D392DF91CF2D20000FCF184 /* Build configuration list for PBXProject "ToolsAndCategories" */;
			compatibilityVersion = "Xcode 3.2";
			developmentRegion = English;
			hasScannedForEncodings = 0;
			knownRegions = (
				en,
			);
			mainGroup = 3D392DF51CF2D20000FCF184;
			projectDirPath = "";
			projectRoot = "";
			targets = (
			);
		};
/* End PBXProject section */

/* Begin XCBuildConfiguration section */
		3D392DFA1CF2D20000FCF184 /* Debug */ = {
			isa = XCBuildConfiguration;
			buildSettings = {
			};
			name = Debug;
		};
		3D392DFB1CF2D20000FCF184 /* Release */ = {
			isa = XCBuildConfiguration;
			buildSettings = {
			};
			name = Release;
		};
/* End XCBuildConfiguration section */

/* Begin XCConfigurationList section */
		3D392DF91CF2D20000FCF184 /* Build configuration list for PBXProject "ToolsAndCategories" */ = {
			isa = XCConfigurationList;
			buildConfigurations = (
				3D392DFA1CF2D20000FCF184 /* Debug */,
				3D392DFB1CF2D20000FCF184 /* Release */,
			);
			defaultConfigurationIsVisible = 0;
			defaultConfigurationName = Release;
		};
/* End XCConfigurationList section */
	};
	rootObject = 3D392DF61CF2D20000FCF184 /* Project object */;
}
