// !$*UTF8*$!
{
	archiveVersion = 1;
	classes = {
	};
	objectVersion = 46;
	objects = {

/* Begin PBXFileReference section */
		3D392DFE1CF2D4FC00FCF184 /* XLBlockAlertView.h */ = {isa = PBXFileReference; lastKnownFileType = sourcecode.c.h; path = XLBlockAlertView.h; sourceTree = "<group>"; };
		3D392DFF1CF2D4FC00FCF184 /* XLBlockAlertView.m */ = {isa = PBXFileReference; lastKnownFileType = sourcecode.c.objc; path = XLBlockAlertView.m; sourceTree = "<group>"; };
		3D392E001CF2D4FC00FCF184 /* XLBlockActionSheet.h */ = {isa = PBXFileReference; lastKnownFileType = sourcecode.c.h; path = XLBlockActionSheet.h; sourceTree = "<group>"; };
		3D392E011CF2D4FC00FCF184 /* XLBlockActionSheet.m */ = {isa = PBXFileReference; lastKnownFileType = sourcecode.c.objc; path = XLBlockActionSheet.m; sourceTree = "<group>"; };
		3D392E021CF2D50800FCF184 /* XLNoticeHelper.h */ = {isa = PBXFileReference; lastKnownFileType = sourcecode.c.h; path = XLNoticeHelper.h; sourceTree = "<group>"; };
		3D392E031CF2D50800FCF184 /* XLNoticeHelper.m */ = {isa = PBXFileReference; lastKnownFileType = sourcecode.c.objc; path = XLNoticeHelper.m; sourceTree = "<group>"; };
		3D392E041CF2D57100FCF184 /* XLColorTool.h */ = {isa = PBXFileReference; lastKnownFileType = sourcecode.c.h; path = XLColorTool.h; sourceTree = "<group>"; };
		3D392E051CF2D57100FCF184 /* XLColorTool.m */ = {isa = PBXFileReference; lastKnownFileType = sourcecode.c.objc; path = XLColorTool.m; sourceTree = "<group>"; };
		3D392E061CF2D66F00FCF184 /* UIImage+ImageEffects.h */ = {isa = PBXFileReference; lastKnownFileType = sourcecode.c.h; path = "UIImage+ImageEffects.h"; sourceTree = "<group>"; };
		3D392E071CF2D66F00FCF184 /* UIImage+ImageEffects.m */ = {isa = PBXFileReference; lastKnownFileType = sourcecode.c.objc; path = "UIImage+ImageEffects.m"; sourceTree = "<group>"; };
		3D392E081CF2D66F00FCF184 /* UIImage+ResizeMagick.m */ = {isa = PBXFileReference; lastKnownFileType = sourcecode.c.objc; path = "UIImage+ResizeMagick.m"; sourceTree = "<group>"; };
		3D392E091CF2D66F00FCF184 /* UIImage+ResizeMagick.h */ = {isa = PBXFileReference; lastKnownFileType = sourcecode.c.h; path = "UIImage+ResizeMagick.h"; sourceTree = "<group>"; };
		3D392E0A1CF2D7A200FCF184 /* NSDate+gyh.h */ = {isa = PBXFileReference; lastKnownFileType = sourcecode.c.h; path = "NSDate+gyh.h"; sourceTree = "<group>"; };
		3D392E0B1CF2D7A200FCF184 /* NSDate+gyh.m */ = {isa = PBXFileReference; lastKnownFileType = sourcecode.c.objc; path = "NSDate+gyh.m"; sourceTree = "<group>"; };
		3D392E0C1CF2D81600FCF184 /* UIControl+Blocks.h */ = {isa = PBXFileReference; lastKnownFileType = sourcecode.c.h; path = "UIControl+Blocks.h"; sourceTree = "<group>"; };
		3D392E0D1CF2D81600FCF184 /* UIControl+Blocks.m */ = {isa = PBXFileReference; lastKnownFileType = sourcecode.c.objc; path = "UIControl+Blocks.m"; sourceTree = "<group>"; };
/* End PBXFileReference section */

/* Begin PBXGroup section */
		3D392DF51CF2D20000FCF184 = {
			isa = PBXGroup;
			children = (
				3D392DFD1CF2D24E00FCF184 /* Categories */,
				3D392DFC1CF2D22F00FCF184 /* Tools */,
			);
			sourceTree = "<group>";
		};
		3D392DFC1CF2D22F00FCF184 /* Tools */ = {
			isa = PBXGroup;
			children = (
				3D392DFE1CF2D4FC00FCF184 /* XLBlockAlertView.h */,
				3D392DFF1CF2D4FC00FCF184 /* XLBlockAlertView.m */,
				3D392E001CF2D4FC00FCF184 /* XLBlockActionSheet.h */,
				3D392E011CF2D4FC00FCF184 /* XLBlockActionSheet.m */,
				3D392E021CF2D50800FCF184 /* XLNoticeHelper.h */,
				3D392E031CF2D50800FCF184 /* XLNoticeHelper.m */,
				3D392E041CF2D57100FCF184 /* XLColorTool.h */,
				3D392E051CF2D57100FCF184 /* XLColorTool.m */,
			);
			path = Tools;
			sourceTree = "<group>";
		};
		3D392DFD1CF2D24E00FCF184 /* Categories */ = {
			isa = PBXGroup;
			children = (
				3D392E0C1CF2D81600FCF184 /* UIControl+Blocks.h */,
				3D392E0D1CF2D81600FCF184 /* UIControl+Blocks.m */,
				3D392E0A1CF2D7A200FCF184 /* NSDate+gyh.h */,
				3D392E0B1CF2D7A200FCF184 /* NSDate+gyh.m */,
				3D392E061CF2D66F00FCF184 /* UIImage+ImageEffects.h */,
				3D392E071CF2D66F00FCF184 /* UIImage+ImageEffects.m */,
				3D392E081CF2D66F00FCF184 /* UIImage+ResizeMagick.m */,
				3D392E091CF2D66F00FCF184 /* UIImage+ResizeMagick.h */,
			);
			path = Categories;
			sourceTree = "<group>";
		};
/* End PBXGroup section */

/* Begin PBXProject section */
		3D392DF61CF2D20000FCF184 /* Project object */ = {
			isa = PBXProject;
			attributes = {
				LastUpgradeCheck = 0730;
			};
			buildConfigurationList = 3D392DF91CF2D20000FCF184 /* Build configuration list for PBXProject "ToolsAndCategories" */;
			compatibilityVersion = "Xcode 3.2";
			developmentRegion = English;
			hasScannedForEncodings = 0;
			knownRegions = (
				en,
			);
			mainGroup = 3D392DF51CF2D20000FCF184;
			projectDirPath = "";
			projectRoot = "";
			targets = (
			);
		};
/* End PBXProject section */

/* Begin XCBuildConfiguration section */
		3D392DFA1CF2D20000FCF184 /* Debug */ = {
			isa = XCBuildConfiguration;
			buildSettings = {
			};
			name = Debug;
		};
		3D392DFB1CF2D20000FCF184 /* Release */ = {
			isa = XCBuildConfiguration;
			buildSettings = {
			};
			name = Release;
		};
/* End XCBuildConfiguration section */

/* Begin XCConfigurationList section */
		3D392DF91CF2D20000FCF184 /* Build configuration list for PBXProject "ToolsAndCategories" */ = {
			isa = XCConfigurationList;
			buildConfigurations = (
				3D392DFA1CF2D20000FCF184 /* Debug */,
				3D392DFB1CF2D20000FCF184 /* Release */,
			);
			defaultConfigurationIsVisible = 0;
			defaultConfigurationName = Release;
		};
/* End XCConfigurationList section */
	};
	rootObject = 3D392DF61CF2D20000FCF184 /* Project object */;
}
